
Microsoft Visual Studio Solution File, Format Version 12.00
# Visual Studio Version 16
VisualStudioVersion = 16.0.29920.165
MinimumVisualStudioVersion = 10.0.40219.1
Project("{9A19103F-16F7-4668-BE54-9A1E7A4F7556}") = "Project", "Project\Project.csproj", "{EEEC4997-98D5-4E26-9008-C07A904B209F}"
EndProject
Project("{FAE04EC0-301F-11D3-BF4B-00C04F79EFBC}") = "Project.Tests", "Project.Tests\Project.Tests.csproj", "{31D2398F-C799-4409-A047-826FE43CB389}"
EndProject
Global
	GlobalSection(SolutionConfigurationPlatforms) = preSolution
		Debug|Any CPU = Debug|Any CPU
		Release|Any CPU = Release|Any CPU
	EndGlobalSection
	GlobalSection(ProjectConfigurationPlatforms) = postSolution
		{EEEC4997-98D5-4E26-9008-C07A904B209F}.Debug|Any CPU.ActiveCfg = Debug|Any CPU
		{EEEC4997-98D5-4E26-9008-C07A904B209F}.Debug|Any CPU.Build.0 = Debug|Any CPU
		{EEEC4997-98D5-4E26-9008-C07A904B209F}.Release|Any CPU.ActiveCfg = Release|Any CPU
		{EEEC4997-98D5-4E26-9008-C07A904B209F}.Release|Any CPU.Build.0 = Release|Any CPU
		{31D2398F-C799-4409-A047-826FE43CB389}.Debug|Any CPU.ActiveCfg = Debug|Any CPU
		{31D2398F-C799-4409-A047-826FE43CB389}.Debug|Any CPU.Build.0 = Debug|Any CPU
		{31D2398F-C799-4409-A047-826FE43CB389}.Release|Any CPU.ActiveCfg = Release|Any CPU
		{31D2398F-C799-4409-A047-826FE43CB389}.Release|Any CPU.Build.0 = Release|Any CPU
	EndGlobalSection
	GlobalSection(SolutionProperties) = preSolution
		HideSolutionNode = FALSE
	EndGlobalSection
	GlobalSection(ExtensibilityGlobals) = postSolution
		SolutionGuid = {59E72AB5-84F4-40A5-8128-55937F9956FF}
	EndGlobalSection
EndGlobal
